[[package]]
name = "claims-contract"
source = "path+from-root-10E679A7A1DC42D6"
dependencies = ["std"]

[[package]]
name = "core"
source = "path+from-root-6A8836696D55BC6E"

[[package]]
name = "make-claim"
source = "member"
dependencies = ["std"]
contract-dependencies = ["claims-contract"]

[[package]]
name = "std"
source = "git+https://github.com/fuellabs/sway?tag=v0.66.5#94a066652468b4afa3bd396dacef482ed590976b"
dependencies = ["core"]
